
Microsoft Visual Studio Solution File, Format Version 12.00
# Visual Studio Version 17
VisualStudioVersion = 17.0.31903.59
MinimumVisualStudioVersion = 10.0.40219.1
Project("{FAE04EC0-301F-11D3-BF4B-00C04F79EFBC}") = "EuskalIA.Server", "EuskalIA.Server\EuskalIA.Server.csproj", "{D5E7EE97-6548-446C-9B44-97BF45BBA7BA}"
EndProject
Project("{FAE04EC0-301F-11D3-BF4B-00C04F79EFBC}") = "EuskalIA.Tests", "EuskalIA.Tests\EuskalIA.Tests.csproj", "{D45ACCA7-0087-43BD-BD29-2E5F382C2B76}"
EndProject
Global
	GlobalSection(SolutionConfigurationPlatforms) = preSolution
		Debug|Any CPU = Debug|Any CPU
		Debug|x64 = Debug|x64
		Debug|x86 = Debug|x86
		Release|Any CPU = Release|Any CPU
		Release|x64 = Release|x64
		Release|x86 = Release|x86
	EndGlobalSection
	GlobalSection(ProjectConfigurationPlatforms) = postSolution
		{D5E7EE97-6548-446C-9B44-97BF45BBA7BA}.Debug|Any CPU.ActiveCfg = Debug|Any CPU
		{D5E7EE97-6548-446C-9B44-97BF45BBA7BA}.Debug|Any CPU.Build.0 = Debug|Any CPU
		{D5E7EE97-6548-446C-9B44-97BF45BBA7BA}.Debug|x64.ActiveCfg = Debug|Any CPU
		{D5E7EE97-6548-446C-9B44-97BF45BBA7BA}.Debug|x64.Build.0 = Debug|Any CPU
		{D5E7EE97-6548-446C-9B44-97BF45BBA7BA}.Debug|x86.ActiveCfg = Debug|Any CPU
		{D5E7EE97-6548-446C-9B44-97BF45BBA7BA}.Debug|x86.Build.0 = Debug|Any CPU
		{D5E7EE97-6548-446C-9B44-97BF45BBA7BA}.Release|Any CPU.ActiveCfg = Release|Any CPU
		{D5E7EE97-6548-446C-9B44-97BF45BBA7BA}.Release|Any CPU.Build.0 = Release|Any CPU
		{D5E7EE97-6548-446C-9B44-97BF45BBA7BA}.Release|x64.ActiveCfg = Release|Any CPU
		{D5E7EE97-6548-446C-9B44-97BF45BBA7BA}.Release|x64.Build.0 = Release|Any CPU
		{D5E7EE97-6548-446C-9B44-97BF45BBA7BA}.Release|x86.ActiveCfg = Release|Any CPU
		{D5E7EE97-6548-446C-9B44-97BF45BBA7BA}.Release|x86.Build.0 = Release|Any CPU
		{D45ACCA7-0087-43BD-BD29-2E5F382C2B76}.Debug|Any CPU.ActiveCfg = Debug|Any CPU
		{D45ACCA7-0087-43BD-BD29-2E5F382C2B76}.Debug|Any CPU.Build.0 = Debug|Any CPU
		{D45ACCA7-0087-43BD-BD29-2E5F382C2B76}.Debug|x64.ActiveCfg = Debug|Any CPU
		{D45ACCA7-0087-43BD-BD29-2E5F382C2B76}.Debug|x64.Build.0 = Debug|Any CPU
		{D45ACCA7-0087-43BD-BD29-2E5F382C2B76}.Debug|x86.ActiveCfg = Debug|Any CPU
		{D45ACCA7-0087-43BD-BD29-2E5F382C2B76}.Debug|x86.Build.0 = Debug|Any CPU
		{D45ACCA7-0087-43BD-BD29-2E5F382C2B76}.Release|Any CPU.ActiveCfg = Release|Any CPU
		{D45ACCA7-0087-43BD-BD29-2E5F382C2B76}.Release|Any CPU.Build.0 = Release|Any CPU
		{D45ACCA7-0087-43BD-BD29-2E5F382C2B76}.Release|x64.ActiveCfg = Release|Any CPU
		{D45ACCA7-0087-43BD-BD29-2E5F382C2B76}.Release|x64.Build.0 = Release|Any CPU
		{D45ACCA7-0087-43BD-BD29-2E5F382C2B76}.Release|x86.ActiveCfg = Release|Any CPU
		{D45ACCA7-0087-43BD-BD29-2E5F382C2B76}.Release|x86.Build.0 = Release|Any CPU
	EndGlobalSection
	GlobalSection(SolutionProperties) = preSolution
		HideSolutionNode = FALSE
	EndGlobalSection
EndGlobal
